
Microsoft Visual Studio Solution File, Format Version 12.00
# Visual Studio Version 16
VisualStudioVersion = 16.0.31424.327
MinimumVisualStudioVersion = 10.0.40219.1
Project("{FAE04EC0-301F-11D3-BF4B-00C04F79EFBC}") = "LOADIMPSA", "LOADIMPSA.csproj", "{0E2A6AEF-BE0D-4977-AEB5-68511989479F}"
EndProject
Project("{FAE04EC0-301F-11D3-BF4B-00C04F79EFBC}") = "Datos", "..\Datos\Datos.csproj", "{FE218ACE-B9FA-4C44-827E-5D972DE44AFE}"
EndProject
Project("{FAE04EC0-301F-11D3-BF4B-00C04F79EFBC}") = "Negocio", "..\Negocio\Negocio.csproj", "{463A54F6-5E41-4305-A4C1-F8A7565F8A57}"
EndProject
Project("{FAE04EC0-301F-11D3-BF4B-00C04F79EFBC}") = "Entidades", "..\Entidades\Entidades.csproj", "{36DE470A-E0D9-4C6A-B449-05D271D54482}"
EndProject
Project("{FAE04EC0-301F-11D3-BF4B-00C04F79EFBC}") = "Utilitarios", "..\Utilitarios\Utilitarios.csproj", "{502C4E9C-FD68-4C7B-9D60-81217D051D4B}"
EndProject
Global
	GlobalSection(SolutionConfigurationPlatforms) = preSolution
		Debug|Any CPU = Debug|Any CPU
		Release|Any CPU = Release|Any CPU
	EndGlobalSection
	GlobalSection(ProjectConfigurationPlatforms) = postSolution
		{0E2A6AEF-BE0D-4977-AEB5-68511989479F}.Debug|Any CPU.ActiveCfg = Debug|Any CPU
		{0E2A6AEF-BE0D-4977-AEB5-68511989479F}.Debug|Any CPU.Build.0 = Debug|Any CPU
		{0E2A6AEF-BE0D-4977-AEB5-68511989479F}.Release|Any CPU.ActiveCfg = Release|Any CPU
		{0E2A6AEF-BE0D-4977-AEB5-68511989479F}.Release|Any CPU.Build.0 = Release|Any CPU
		{FE218ACE-B9FA-4C44-827E-5D972DE44AFE}.Debug|Any CPU.ActiveCfg = Debug|Any CPU
		{FE218ACE-B9FA-4C44-827E-5D972DE44AFE}.Debug|Any CPU.Build.0 = Debug|Any CPU
		{FE218ACE-B9FA-4C44-827E-5D972DE44AFE}.Release|Any CPU.ActiveCfg = Release|Any CPU
		{FE218ACE-B9FA-4C44-827E-5D972DE44AFE}.Release|Any CPU.Build.0 = Release|Any CPU
		{463A54F6-5E41-4305-A4C1-F8A7565F8A57}.Debug|Any CPU.ActiveCfg = Debug|Any CPU
		{463A54F6-5E41-4305-A4C1-F8A7565F8A57}.Debug|Any CPU.Build.0 = Debug|Any CPU
		{463A54F6-5E41-4305-A4C1-F8A7565F8A57}.Release|Any CPU.ActiveCfg = Release|Any CPU
		{463A54F6-5E41-4305-A4C1-F8A7565F8A57}.Release|Any CPU.Build.0 = Release|Any CPU
		{36DE470A-E0D9-4C6A-B449-05D271D54482}.Debug|Any CPU.ActiveCfg = Debug|Any CPU
		{36DE470A-E0D9-4C6A-B449-05D271D54482}.Debug|Any CPU.Build.0 = Debug|Any CPU
		{36DE470A-E0D9-4C6A-B449-05D271D54482}.Release|Any CPU.ActiveCfg = Release|Any CPU
		{36DE470A-E0D9-4C6A-B449-05D271D54482}.Release|Any CPU.Build.0 = Release|Any CPU
		{502C4E9C-FD68-4C7B-9D60-81217D051D4B}.Debug|Any CPU.ActiveCfg = Debug|Any CPU
		{502C4E9C-FD68-4C7B-9D60-81217D051D4B}.Debug|Any CPU.Build.0 = Debug|Any CPU
		{502C4E9C-FD68-4C7B-9D60-81217D051D4B}.Release|Any CPU.ActiveCfg = Release|Any CPU
		{502C4E9C-FD68-4C7B-9D60-81217D051D4B}.Release|Any CPU.Build.0 = Release|Any CPU
	EndGlobalSection
	GlobalSection(SolutionProperties) = preSolution
		HideSolutionNode = FALSE
	EndGlobalSection
	GlobalSection(ExtensibilityGlobals) = postSolution
		SolutionGuid = {F66BACD6-3CCA-4463-BB00-72ED0BBBCDE6}
	EndGlobalSection
EndGlobal
